
Microsoft Visual Studio Solution File, Format Version 12.00
# Visual Studio Version 17
VisualStudioVersion = 17.6.33815.320
MinimumVisualStudioVersion = 10.0.40219.1
Project("{FAE04EC0-301F-11D3-BF4B-00C04F79EFBC}") = "pizzaAPI-csharp", "pizzaAPI-csharp.csproj", "{360CFBB9-ED90-47EF-9ECC-C1E5D524CC31}"
EndProject
Global
	GlobalSection(SolutionConfigurationPlatforms) = preSolution
		Debug|Any CPU = Debug|Any CPU
		Release|Any CPU = Release|Any CPU
	EndGlobalSection
	GlobalSection(ProjectConfigurationPlatforms) = postSolution
		{360CFBB9-ED90-47EF-9ECC-C1E5D524CC31}.Debug|Any CPU.ActiveCfg = Debug|Any CPU
		{360CFBB9-ED90-47EF-9ECC-C1E5D524CC31}.Debug|Any CPU.Build.0 = Debug|Any CPU
		{360CFBB9-ED90-47EF-9ECC-C1E5D524CC31}.Release|Any CPU.ActiveCfg = Release|Any CPU
		{360CFBB9-ED90-47EF-9ECC-C1E5D524CC31}.Release|Any CPU.Build.0 = Release|Any CPU
	EndGlobalSection
	GlobalSection(SolutionProperties) = preSolution
		HideSolutionNode = FALSE
	EndGlobalSection
	GlobalSection(ExtensibilityGlobals) = postSolution
		SolutionGuid = {78A129A0-218A-428C-B7FF-19FD6DEF8F15}
	EndGlobalSection
EndGlobal
